
Microsoft Visual Studio Solution File, Format Version 12.00
# Visual Studio Version 16
VisualStudioVersion = 16.0.808.6
MinimumVisualStudioVersion = 10.0.40219.1
Project("{FAE04EC0-301F-11D3-BF4B-00C04F79EFBC}") = "PressAndReleaseButton.Android", "PressAndReleaseButton.Android\PressAndReleaseButton.Android.csproj", "{D016291C-923E-4915-85B4-EC33FC89DEAB}"
EndProject
Project("{FAE04EC0-301F-11D3-BF4B-00C04F79EFBC}") = "PressAndReleaseButton.iOS", "PressAndReleaseButton.iOS\PressAndReleaseButton.iOS.csproj", "{3BBC0662-4C1D-40DA-B6F6-19C26623E118}"
EndProject
Project("{FAE04EC0-301F-11D3-BF4B-00C04F79EFBC}") = "PressAndReleaseButton", "PressAndReleaseButton\PressAndReleaseButton.csproj", "{4AD169B9-5180-4E19-AA56-404760A9ADDF}"
EndProject
Global
	GlobalSection(SolutionConfigurationPlatforms) = preSolution
		Debug|Any CPU = Debug|Any CPU
		Release|Any CPU = Release|Any CPU
		Debug|iPhoneSimulator = Debug|iPhoneSimulator
		Release|iPhoneSimulator = Release|iPhoneSimulator
		Debug|iPhone = Debug|iPhone
		Release|iPhone = Release|iPhone
	EndGlobalSection
	GlobalSection(ProjectConfigurationPlatforms) = postSolution
		{D016291C-923E-4915-85B4-EC33FC89DEAB}.Debug|Any CPU.ActiveCfg = Debug|Any CPU
		{D016291C-923E-4915-85B4-EC33FC89DEAB}.Debug|Any CPU.Build.0 = Debug|Any CPU
		{D016291C-923E-4915-85B4-EC33FC89DEAB}.Release|Any CPU.ActiveCfg = Release|Any CPU
		{D016291C-923E-4915-85B4-EC33FC89DEAB}.Release|Any CPU.Build.0 = Release|Any CPU
		{D016291C-923E-4915-85B4-EC33FC89DEAB}.Debug|iPhoneSimulator.ActiveCfg = Debug|Any CPU
		{D016291C-923E-4915-85B4-EC33FC89DEAB}.Debug|iPhoneSimulator.Build.0 = Debug|Any CPU
		{D016291C-923E-4915-85B4-EC33FC89DEAB}.Release|iPhoneSimulator.ActiveCfg = Release|Any CPU
		{D016291C-923E-4915-85B4-EC33FC89DEAB}.Release|iPhoneSimulator.Build.0 = Release|Any CPU
		{D016291C-923E-4915-85B4-EC33FC89DEAB}.Debug|iPhone.ActiveCfg = Debug|Any CPU
		{D016291C-923E-4915-85B4-EC33FC89DEAB}.Debug|iPhone.Build.0 = Debug|Any CPU
		{D016291C-923E-4915-85B4-EC33FC89DEAB}.Release|iPhone.ActiveCfg = Release|Any CPU
		{D016291C-923E-4915-85B4-EC33FC89DEAB}.Release|iPhone.Build.0 = Release|Any CPU
		{3BBC0662-4C1D-40DA-B6F6-19C26623E118}.Debug|Any CPU.ActiveCfg = Debug|iPhoneSimulator
		{3BBC0662-4C1D-40DA-B6F6-19C26623E118}.Debug|Any CPU.Build.0 = Debug|iPhoneSimulator
		{3BBC0662-4C1D-40DA-B6F6-19C26623E118}.Release|Any CPU.ActiveCfg = Release|iPhoneSimulator
		{3BBC0662-4C1D-40DA-B6F6-19C26623E118}.Release|Any CPU.Build.0 = Release|iPhoneSimulator
		{3BBC0662-4C1D-40DA-B6F6-19C26623E118}.Debug|iPhoneSimulator.ActiveCfg = Debug|iPhoneSimulator
		{3BBC0662-4C1D-40DA-B6F6-19C26623E118}.Debug|iPhoneSimulator.Build.0 = Debug|iPhoneSimulator
		{3BBC0662-4C1D-40DA-B6F6-19C26623E118}.Release|iPhoneSimulator.ActiveCfg = Release|iPhoneSimulator
		{3BBC0662-4C1D-40DA-B6F6-19C26623E118}.Release|iPhoneSimulator.Build.0 = Release|iPhoneSimulator
		{3BBC0662-4C1D-40DA-B6F6-19C26623E118}.Debug|iPhone.ActiveCfg = Debug|iPhone
		{3BBC0662-4C1D-40DA-B6F6-19C26623E118}.Debug|iPhone.Build.0 = Debug|iPhone
		{3BBC0662-4C1D-40DA-B6F6-19C26623E118}.Release|iPhone.ActiveCfg = Release|iPhone
		{3BBC0662-4C1D-40DA-B6F6-19C26623E118}.Release|iPhone.Build.0 = Release|iPhone
		{4AD169B9-5180-4E19-AA56-404760A9ADDF}.Debug|Any CPU.ActiveCfg = Debug|Any CPU
		{4AD169B9-5180-4E19-AA56-404760A9ADDF}.Debug|Any CPU.Build.0 = Debug|Any CPU
		{4AD169B9-5180-4E19-AA56-404760A9ADDF}.Release|Any CPU.ActiveCfg = Release|Any CPU
		{4AD169B9-5180-4E19-AA56-404760A9ADDF}.Release|Any CPU.Build.0 = Release|Any CPU
		{4AD169B9-5180-4E19-AA56-404760A9ADDF}.Debug|iPhoneSimulator.ActiveCfg = Debug|Any CPU
		{4AD169B9-5180-4E19-AA56-404760A9ADDF}.Debug|iPhoneSimulator.Build.0 = Debug|Any CPU
		{4AD169B9-5180-4E19-AA56-404760A9ADDF}.Release|iPhoneSimulator.ActiveCfg = Release|Any CPU
		{4AD169B9-5180-4E19-AA56-404760A9ADDF}.Release|iPhoneSimulator.Build.0 = Release|Any CPU
		{4AD169B9-5180-4E19-AA56-404760A9ADDF}.Debug|iPhone.ActiveCfg = Debug|Any CPU
		{4AD169B9-5180-4E19-AA56-404760A9ADDF}.Debug|iPhone.Build.0 = Debug|Any CPU
		{4AD169B9-5180-4E19-AA56-404760A9ADDF}.Release|iPhone.ActiveCfg = Release|Any CPU
		{4AD169B9-5180-4E19-AA56-404760A9ADDF}.Release|iPhone.Build.0 = Release|Any CPU
	EndGlobalSection
	GlobalSection(SolutionProperties) = preSolution
		HideSolutionNode = FALSE
	EndGlobalSection
	GlobalSection(ExtensibilityGlobals) = postSolution
		SolutionGuid = {A7C4C9A5-D96D-42FC-81E5-E08A6B4FDB33}
	EndGlobalSection
EndGlobal
